// !$*UTF8*$!
{
	archiveVersion = 1;
	classes = {
	};
	objectVersion = 46;
	objects = {

/* Begin PBXAggregateTarget section */
		"torch.network::TorchNetworkPackageTests::ProductTarget" /* TorchNetworkPackageTests */ = {
			isa = PBXAggregateTarget;
			buildConfigurationList = OBJ_58 /* Build configuration list for PBXAggregateTarget "TorchNetworkPackageTests" */;
			buildPhases = (
			);
			dependencies = (
				OBJ_61 /* PBXTargetDependency */,
			);
			name = TorchNetworkPackageTests;
			productName = TorchNetworkPackageTests;
		};
/* End PBXAggregateTarget section */

/* Begin PBXBuildFile section */
		5A84AD3629DF015C0036BAC2 /* URLRequestFactoryTests.swift in Sources */ = {isa = PBXBuildFile; fileRef = 5A84AD1729DF00100036BAC2 /* URLRequestFactoryTests.swift */; };
		5A84AD3729DF01600036BAC2 /* URLComponentsFactoryTests.swift in Sources */ = {isa = PBXBuildFile; fileRef = 5A84AD1829DF00100036BAC2 /* URLComponentsFactoryTests.swift */; };
		5A84AD3829DF01620036BAC2 /* AutoMockable.generated.swift in Sources */ = {isa = PBXBuildFile; fileRef = 5A84AD1929DF00100036BAC2 /* AutoMockable.generated.swift */; };
		5A84AD3929DF01660036BAC2 /* RequestComponents+Equatable.swift in Sources */ = {isa = PBXBuildFile; fileRef = 5A84AD1B29DF00100036BAC2 /* RequestComponents+Equatable.swift */; };
		5A84AD3A29DF016A0036BAC2 /* HTTPClientTests.swift in Sources */ = {isa = PBXBuildFile; fileRef = 5A84AD1C29DF00100036BAC2 /* HTTPClientTests.swift */; };
		5A84AD3C29DF02A30036BAC2 /* TorchNetwork.framework in Frameworks */ = {isa = PBXBuildFile; fileRef = "torch.network::TorchNetwork::Product" /* TorchNetwork.framework */; };
		5A84AD4929DF0FEC0036BAC2 /* RequestComponents.swift in Sources */ = {isa = PBXBuildFile; fileRef = 5A84AD4029DF0FEC0036BAC2 /* RequestComponents.swift */; };
		5A84AD4A29DF0FEC0036BAC2 /* RequestMethod.swift in Sources */ = {isa = PBXBuildFile; fileRef = 5A84AD4129DF0FEC0036BAC2 /* RequestMethod.swift */; };
		5A84AD4B29DF0FEC0036BAC2 /* NetworkError.swift in Sources */ = {isa = PBXBuildFile; fileRef = 5A84AD4229DF0FEC0036BAC2 /* NetworkError.swift */; };
		5A84AD4C29DF0FEC0036BAC2 /* URLSession+Extension.swift in Sources */ = {isa = PBXBuildFile; fileRef = 5A84AD4429DF0FEC0036BAC2 /* URLSession+Extension.swift */; };
		5A84AD4D29DF0FEC0036BAC2 /* HTTPClient.swift in Sources */ = {isa = PBXBuildFile; fileRef = 5A84AD4529DF0FEC0036BAC2 /* HTTPClient.swift */; };
		5A84AD4E29DF0FEC0036BAC2 /* HTTPClientAssembly.swift in Sources */ = {isa = PBXBuildFile; fileRef = 5A84AD4629DF0FEC0036BAC2 /* HTTPClientAssembly.swift */; };
		5A84AD4F29DF0FEC0036BAC2 /* URLComponentsFactory.swift in Sources */ = {isa = PBXBuildFile; fileRef = 5A84AD4729DF0FEC0036BAC2 /* URLComponentsFactory.swift */; };
		5A84AD5029DF0FEC0036BAC2 /* URLRequestFactory.swift in Sources */ = {isa = PBXBuildFile; fileRef = 5A84AD4829DF0FEC0036BAC2 /* URLRequestFactory.swift */; };
		OBJ_56 /* Package.swift in Sources */ = {isa = PBXBuildFile; fileRef = OBJ_6 /* Package.swift */; };
/* End PBXBuildFile section */

/* Begin PBXContainerItemProxy section */
		5A32161229DDAA7000BC0423 /* PBXContainerItemProxy */ = {
			isa = PBXContainerItemProxy;
			containerPortal = OBJ_1 /* Project object */;
			proxyType = 1;
			remoteGlobalIDString = "torch.network::TorchNetwork";
			remoteInfo = TorchNetwork;
		};
		5A32161329DDAA7000BC0423 /* PBXContainerItemProxy */ = {
			isa = PBXContainerItemProxy;
			containerPortal = OBJ_1 /* Project object */;
			proxyType = 1;
			remoteGlobalIDString = "torch.network::TorchNetworkTests";
			remoteInfo = TorchNetworkTests;
		};
/* End PBXContainerItemProxy section */

/* Begin PBXFileReference section */
		5A84AD1729DF00100036BAC2 /* URLRequestFactoryTests.swift */ = {isa = PBXFileReference; fileEncoding = 4; lastKnownFileType = sourcecode.swift; path = URLRequestFactoryTests.swift; sourceTree = "<group>"; };
		5A84AD1829DF00100036BAC2 /* URLComponentsFactoryTests.swift */ = {isa = PBXFileReference; fileEncoding = 4; lastKnownFileType = sourcecode.swift; path = URLComponentsFactoryTests.swift; sourceTree = "<group>"; };
		5A84AD1929DF00100036BAC2 /* AutoMockable.generated.swift */ = {isa = PBXFileReference; fileEncoding = 4; lastKnownFileType = sourcecode.swift; path = AutoMockable.generated.swift; sourceTree = "<group>"; };
		5A84AD1B29DF00100036BAC2 /* RequestComponents+Equatable.swift */ = {isa = PBXFileReference; fileEncoding = 4; lastKnownFileType = sourcecode.swift; path = "RequestComponents+Equatable.swift"; sourceTree = "<group>"; };
		5A84AD1C29DF00100036BAC2 /* HTTPClientTests.swift */ = {isa = PBXFileReference; fileEncoding = 4; lastKnownFileType = sourcecode.swift; path = HTTPClientTests.swift; sourceTree = "<group>"; };
		5A84AD4029DF0FEC0036BAC2 /* RequestComponents.swift */ = {isa = PBXFileReference; fileEncoding = 4; lastKnownFileType = sourcecode.swift; path = RequestComponents.swift; sourceTree = "<group>"; };
		5A84AD4129DF0FEC0036BAC2 /* RequestMethod.swift */ = {isa = PBXFileReference; fileEncoding = 4; lastKnownFileType = sourcecode.swift; path = RequestMethod.swift; sourceTree = "<group>"; };
		5A84AD4229DF0FEC0036BAC2 /* NetworkError.swift */ = {isa = PBXFileReference; fileEncoding = 4; lastKnownFileType = sourcecode.swift; path = NetworkError.swift; sourceTree = "<group>"; };
		5A84AD4429DF0FEC0036BAC2 /* URLSession+Extension.swift */ = {isa = PBXFileReference; fileEncoding = 4; lastKnownFileType = sourcecode.swift; path = "URLSession+Extension.swift"; sourceTree = "<group>"; };
		5A84AD4529DF0FEC0036BAC2 /* HTTPClient.swift */ = {isa = PBXFileReference; fileEncoding = 4; lastKnownFileType = sourcecode.swift; path = HTTPClient.swift; sourceTree = "<group>"; };
		5A84AD4629DF0FEC0036BAC2 /* HTTPClientAssembly.swift */ = {isa = PBXFileReference; fileEncoding = 4; lastKnownFileType = sourcecode.swift; path = HTTPClientAssembly.swift; sourceTree = "<group>"; };
		5A84AD4729DF0FEC0036BAC2 /* URLComponentsFactory.swift */ = {isa = PBXFileReference; fileEncoding = 4; lastKnownFileType = sourcecode.swift; path = URLComponentsFactory.swift; sourceTree = "<group>"; };
		5A84AD4829DF0FEC0036BAC2 /* URLRequestFactory.swift */ = {isa = PBXFileReference; fileEncoding = 4; lastKnownFileType = sourcecode.swift; path = URLRequestFactory.swift; sourceTree = "<group>"; };
		OBJ_31 /* fastlane */ = {isa = PBXFileReference; lastKnownFileType = folder; path = fastlane; sourceTree = SOURCE_ROOT; };
		OBJ_32 /* templates */ = {isa = PBXFileReference; lastKnownFileType = folder; path = templates; sourceTree = SOURCE_ROOT; };
		OBJ_33 /* README.md */ = {isa = PBXFileReference; lastKnownFileType = net.daringfireball.markdown; path = README.md; sourceTree = "<group>"; };
		OBJ_34 /* Gemfile */ = {isa = PBXFileReference; lastKnownFileType = text; path = Gemfile; sourceTree = "<group>"; };
		OBJ_35 /* Gemfile.lock */ = {isa = PBXFileReference; lastKnownFileType = text; path = Gemfile.lock; sourceTree = "<group>"; };
		OBJ_6 /* Package.swift */ = {isa = PBXFileReference; explicitFileType = sourcecode.swift; path = Package.swift; sourceTree = "<group>"; };
		"torch.network::TorchNetwork::Product" /* TorchNetwork.framework */ = {isa = PBXFileReference; explicitFileType = wrapper.framework; path = TorchNetwork.framework; sourceTree = BUILT_PRODUCTS_DIR; };
		"torch.network::TorchNetworkTests::Product" /* TorchNetworkTests.xctest */ = {isa = PBXFileReference; explicitFileType = wrapper.cfbundle; path = TorchNetworkTests.xctest; sourceTree = BUILT_PRODUCTS_DIR; };
/* End PBXFileReference section */

/* Begin PBXFrameworksBuildPhase section */
		OBJ_50 /* Frameworks */ = {
			isa = PBXFrameworksBuildPhase;
			buildActionMask = 0;
			files = (
			);
			runOnlyForDeploymentPostprocessing = 0;
		};
		OBJ_72 /* Frameworks */ = {
			isa = PBXFrameworksBuildPhase;
			buildActionMask = 0;
			files = (
				5A84AD3C29DF02A30036BAC2 /* TorchNetwork.framework in Frameworks */,
			);
			runOnlyForDeploymentPostprocessing = 0;
		};
/* End PBXFrameworksBuildPhase section */

/* Begin PBXGroup section */
		5A84AD1629DF00100036BAC2 /* TorchNetworkTests */ = {
			isa = PBXGroup;
			children = (
				5A84AD1729DF00100036BAC2 /* URLRequestFactoryTests.swift */,
				5A84AD1829DF00100036BAC2 /* URLComponentsFactoryTests.swift */,
				5A84AD1929DF00100036BAC2 /* AutoMockable.generated.swift */,
				5A84AD1A29DF00100036BAC2 /* Extensions */,
				5A84AD1C29DF00100036BAC2 /* HTTPClientTests.swift */,
			);
			name = TorchNetworkTests;
			path = Tests/TorchNetworkTests;
			sourceTree = "<group>";
		};
		5A84AD1A29DF00100036BAC2 /* Extensions */ = {
			isa = PBXGroup;
			children = (
				5A84AD1B29DF00100036BAC2 /* RequestComponents+Equatable.swift */,
			);
			path = Extensions;
			sourceTree = "<group>";
		};
		5A84AD3B29DF02A30036BAC2 /* Frameworks */ = {
			isa = PBXGroup;
			children = (
			);
			name = Frameworks;
			sourceTree = "<group>";
		};
		5A84AD3E29DF0FEC0036BAC2 /* TorchNetwork */ = {
			isa = PBXGroup;
			children = (
				5A84AD3F29DF0FEC0036BAC2 /* Models */,
				5A84AD4329DF0FEC0036BAC2 /* Extensions */,
				5A84AD4529DF0FEC0036BAC2 /* HTTPClient.swift */,
				5A84AD4629DF0FEC0036BAC2 /* HTTPClientAssembly.swift */,
				5A84AD4729DF0FEC0036BAC2 /* URLComponentsFactory.swift */,
				5A84AD4829DF0FEC0036BAC2 /* URLRequestFactory.swift */,
			);
			name = TorchNetwork;
			path = Sources/TorchNetwork;
			sourceTree = "<group>";
		};
		5A84AD3F29DF0FEC0036BAC2 /* Models */ = {
			isa = PBXGroup;
			children = (
				5A84AD4029DF0FEC0036BAC2 /* RequestComponents.swift */,
				5A84AD4129DF0FEC0036BAC2 /* RequestMethod.swift */,
				5A84AD4229DF0FEC0036BAC2 /* NetworkError.swift */,
			);
			path = Models;
			sourceTree = "<group>";
		};
		5A84AD4329DF0FEC0036BAC2 /* Extensions */ = {
			isa = PBXGroup;
			children = (
				5A84AD4429DF0FEC0036BAC2 /* URLSession+Extension.swift */,
			);
			path = Extensions;
			sourceTree = "<group>";
		};
		OBJ_20 /* Tests */ = {
			isa = PBXGroup;
			children = (
				5A84AD1629DF00100036BAC2 /* TorchNetworkTests */,
			);
			name = Tests;
			sourceTree = SOURCE_ROOT;
		};
		OBJ_28 /* Products */ = {
			isa = PBXGroup;
			children = (
				"torch.network::TorchNetwork::Product" /* TorchNetwork.framework */,
				"torch.network::TorchNetworkTests::Product" /* TorchNetworkTests.xctest */,
			);
			name = Products;
			sourceTree = BUILT_PRODUCTS_DIR;
		};
		OBJ_5 = {
			isa = PBXGroup;
			children = (
				OBJ_6 /* Package.swift */,
				OBJ_7 /* Sources */,
				OBJ_20 /* Tests */,
				OBJ_28 /* Products */,
				OBJ_31 /* fastlane */,
				OBJ_32 /* templates */,
				OBJ_33 /* README.md */,
				OBJ_34 /* Gemfile */,
				OBJ_35 /* Gemfile.lock */,
				5A84AD3B29DF02A30036BAC2 /* Frameworks */,
			);
			sourceTree = "<group>";
		};
		OBJ_7 /* Sources */ = {
			isa = PBXGroup;
			children = (
				5A84AD3E29DF0FEC0036BAC2 /* TorchNetwork */,
			);
			name = Sources;
			sourceTree = SOURCE_ROOT;
		};
/* End PBXGroup section */

/* Begin PBXNativeTarget section */
		"torch.network::SwiftPMPackageDescription" /* TorchNetworkPackageDescription */ = {
			isa = PBXNativeTarget;
			buildConfigurationList = OBJ_52 /* Build configuration list for PBXNativeTarget "TorchNetworkPackageDescription" */;
			buildPhases = (
				OBJ_55 /* Sources */,
			);
			buildRules = (
			);
			dependencies = (
			);
			name = TorchNetworkPackageDescription;
			productName = TorchNetworkPackageDescription;
			productType = "com.apple.product-type.framework";
		};
		"torch.network::TorchNetwork" /* TorchNetwork */ = {
			isa = PBXNativeTarget;
			buildConfigurationList = OBJ_37 /* Build configuration list for PBXNativeTarget "TorchNetwork" */;
			buildPhases = (
				OBJ_40 /* Sources */,
				OBJ_50 /* Frameworks */,
			);
			buildRules = (
			);
			dependencies = (
			);
			name = TorchNetwork;
			productName = Torch_Network;
			productReference = "torch.network::TorchNetwork::Product" /* TorchNetwork.framework */;
			productType = "com.apple.product-type.framework";
		};
		"torch.network::TorchNetworkTests" /* TorchNetworkTests */ = {
			isa = PBXNativeTarget;
			buildConfigurationList = OBJ_63 /* Build configuration list for PBXNativeTarget "TorchNetworkTests" */;
			buildPhases = (
				OBJ_66 /* Sources */,
				OBJ_72 /* Frameworks */,
			);
			buildRules = (
			);
			dependencies = (
				OBJ_74 /* PBXTargetDependency */,
			);
			name = TorchNetworkTests;
			productName = Torch_NetworkTests;
			productReference = "torch.network::TorchNetworkTests::Product" /* TorchNetworkTests.xctest */;
			productType = "com.apple.product-type.bundle.unit-test";
		};
/* End PBXNativeTarget section */

/* Begin PBXProject section */
		OBJ_1 /* Project object */ = {
			isa = PBXProject;
			attributes = {
				LastSwiftMigration = 9999;
				LastUpgradeCheck = 9999;
			};
			buildConfigurationList = OBJ_2 /* Build configuration list for PBXProject "TorchNetwork" */;
			compatibilityVersion = "Xcode 3.2";
			developmentRegion = en;
			hasScannedForEncodings = 0;
			knownRegions = (
				en,
			);
			mainGroup = OBJ_5;
			packageReferences = (
			);
			productRefGroup = OBJ_28 /* Products */;
			projectDirPath = "";
			projectRoot = "";
			targets = (
				"torch.network::TorchNetwork" /* TorchNetwork */,
				"torch.network::SwiftPMPackageDescription" /* TorchNetworkPackageDescription */,
				"torch.network::TorchNetworkPackageTests::ProductTarget" /* TorchNetworkPackageTests */,
				"torch.network::TorchNetworkTests" /* TorchNetworkTests */,
			);
		};
/* End PBXProject section */

/* Begin PBXSourcesBuildPhase section */
		OBJ_40 /* Sources */ = {
			isa = PBXSourcesBuildPhase;
			buildActionMask = 0;
			files = (
				5A84AD4F29DF0FEC0036BAC2 /* URLComponentsFactory.swift in Sources */,
				5A84AD4C29DF0FEC0036BAC2 /* URLSession+Extension.swift in Sources */,
				5A84AD4D29DF0FEC0036BAC2 /* HTTPClient.swift in Sources */,
				5A84AD4E29DF0FEC0036BAC2 /* HTTPClientAssembly.swift in Sources */,
				5A84AD4B29DF0FEC0036BAC2 /* NetworkError.swift in Sources */,
				5A84AD4A29DF0FEC0036BAC2 /* RequestMethod.swift in Sources */,
				5A84AD5029DF0FEC0036BAC2 /* URLRequestFactory.swift in Sources */,
				5A84AD4929DF0FEC0036BAC2 /* RequestComponents.swift in Sources */,
			);
			runOnlyForDeploymentPostprocessing = 0;
		};
		OBJ_55 /* Sources */ = {
			isa = PBXSourcesBuildPhase;
			buildActionMask = 0;
			files = (
				OBJ_56 /* Package.swift in Sources */,
			);
			runOnlyForDeploymentPostprocessing = 0;
		};
		OBJ_66 /* Sources */ = {
			isa = PBXSourcesBuildPhase;
			buildActionMask = 0;
			files = (
				5A84AD3A29DF016A0036BAC2 /* HTTPClientTests.swift in Sources */,
				5A84AD3729DF01600036BAC2 /* URLComponentsFactoryTests.swift in Sources */,
				5A84AD3629DF015C0036BAC2 /* URLRequestFactoryTests.swift in Sources */,
				5A84AD3929DF01660036BAC2 /* RequestComponents+Equatable.swift in Sources */,
				5A84AD3829DF01620036BAC2 /* AutoMockable.generated.swift in Sources */,
			);
			runOnlyForDeploymentPostprocessing = 0;
		};
/* End PBXSourcesBuildPhase section */

/* Begin PBXTargetDependency section */
		OBJ_61 /* PBXTargetDependency */ = {
			isa = PBXTargetDependency;
			target = "torch.network::TorchNetworkTests" /* TorchNetworkTests */;
			targetProxy = 5A32161329DDAA7000BC0423 /* PBXContainerItemProxy */;
		};
		OBJ_74 /* PBXTargetDependency */ = {
			isa = PBXTargetDependency;
			target = "torch.network::TorchNetwork" /* TorchNetwork */;
			targetProxy = 5A32161229DDAA7000BC0423 /* PBXContainerItemProxy */;
		};
/* End PBXTargetDependency section */

/* Begin XCBuildConfiguration section */
		OBJ_3 /* Debug */ = {
			isa = XCBuildConfiguration;
			buildSettings = {
				CLANG_ENABLE_OBJC_ARC = YES;
				COMBINE_HIDPI_IMAGES = YES;
				COPY_PHASE_STRIP = NO;
				DEBUG_INFORMATION_FORMAT = dwarf;
				DYLIB_INSTALL_NAME_BASE = "@rpath";
				ENABLE_NS_ASSERTIONS = YES;
				GCC_OPTIMIZATION_LEVEL = 0;
				GCC_PREPROCESSOR_DEFINITIONS = (
					"$(inherited)",
					"SWIFT_PACKAGE=1",
					"DEBUG=1",
				);
				MACOSX_DEPLOYMENT_TARGET = 10.10;
				ONLY_ACTIVE_ARCH = YES;
				OTHER_SWIFT_FLAGS = "$(inherited) -DXcode";
				PRODUCT_NAME = "$(TARGET_NAME)";
				SDKROOT = macosx;
				SUPPORTED_PLATFORMS = "$(AVAILABLE_PLATFORMS)";
				SUPPORTS_MACCATALYST = YES;
				SWIFT_ACTIVE_COMPILATION_CONDITIONS = "$(inherited) SWIFT_PACKAGE DEBUG";
				SWIFT_OPTIMIZATION_LEVEL = "-Onone";
				USE_HEADERMAP = NO;
			};
			name = Debug;
		};
		OBJ_38 /* Debug */ = {
			isa = XCBuildConfiguration;
			buildSettings = {
				CURRENT_PROJECT_VERSION = 1;
				DRIVERKIT_DEPLOYMENT_TARGET = 19.0;
				ENABLE_TESTABILITY = YES;
				FRAMEWORK_SEARCH_PATHS = (
					"$(inherited)",
					"$(PLATFORM_DIR)/Developer/Library/Frameworks",
				);
				HEADER_SEARCH_PATHS = "$(inherited)";
				INFOPLIST_FILE = TorchNetwork.xcodeproj/TorchNetwork_Info.plist;
				IPHONEOS_DEPLOYMENT_TARGET = 15.0;
				LD_RUNPATH_SEARCH_PATHS = "$(inherited) $(TOOLCHAIN_DIR)/usr/lib/swift/macosx";
				MACOSX_DEPLOYMENT_TARGET = 10.13;
				OTHER_CFLAGS = "$(inherited)";
				OTHER_LDFLAGS = "$(inherited)";
				OTHER_SWIFT_FLAGS = "$(inherited)";
				PRODUCT_BUNDLE_IDENTIFIER = "Torch-Network";
				PRODUCT_MODULE_NAME = "$(TARGET_NAME:c99extidentifier)";
				PRODUCT_NAME = "$(TARGET_NAME)";
				SKIP_INSTALL = YES;
				SWIFT_ACTIVE_COMPILATION_CONDITIONS = "$(inherited)";
				SWIFT_VERSION = 5.0;
				TARGET_NAME = TorchNetwork;
				TVOS_DEPLOYMENT_TARGET = 11.0;
				WATCHOS_DEPLOYMENT_TARGET = 4.0;
			};
			name = Debug;
		};
		OBJ_39 /* Release */ = {
			isa = XCBuildConfiguration;
			buildSettings = {
				CURRENT_PROJECT_VERSION = 1;
				DRIVERKIT_DEPLOYMENT_TARGET = 19.0;
				ENABLE_TESTABILITY = YES;
				FRAMEWORK_SEARCH_PATHS = (
					"$(inherited)",
					"$(PLATFORM_DIR)/Developer/Library/Frameworks",
				);
				HEADER_SEARCH_PATHS = "$(inherited)";
				INFOPLIST_FILE = TorchNetwork.xcodeproj/TorchNetwork_Info.plist;
				IPHONEOS_DEPLOYMENT_TARGET = 15.0;
				LD_RUNPATH_SEARCH_PATHS = "$(inherited) $(TOOLCHAIN_DIR)/usr/lib/swift/macosx";
				MACOSX_DEPLOYMENT_TARGET = 10.13;
				OTHER_CFLAGS = "$(inherited)";
				OTHER_LDFLAGS = "$(inherited)";
				OTHER_SWIFT_FLAGS = "$(inherited)";
				PRODUCT_BUNDLE_IDENTIFIER = "Torch-Network";
				PRODUCT_MODULE_NAME = "$(TARGET_NAME:c99extidentifier)";
				PRODUCT_NAME = "$(TARGET_NAME)";
				SKIP_INSTALL = YES;
				SWIFT_ACTIVE_COMPILATION_CONDITIONS = "$(inherited)";
				SWIFT_VERSION = 5.0;
				TARGET_NAME = TorchNetwork;
				TVOS_DEPLOYMENT_TARGET = 11.0;
				WATCHOS_DEPLOYMENT_TARGET = 4.0;
			};
			name = Release;
		};
		OBJ_4 /* Release */ = {
			isa = XCBuildConfiguration;
			buildSettings = {
				CLANG_ENABLE_OBJC_ARC = YES;
				COMBINE_HIDPI_IMAGES = YES;
				COPY_PHASE_STRIP = YES;
				DEBUG_INFORMATION_FORMAT = "dwarf-with-dsym";
				DYLIB_INSTALL_NAME_BASE = "@rpath";
				GCC_OPTIMIZATION_LEVEL = s;
				GCC_PREPROCESSOR_DEFINITIONS = (
					"$(inherited)",
					"SWIFT_PACKAGE=1",
				);
				MACOSX_DEPLOYMENT_TARGET = 10.10;
				OTHER_SWIFT_FLAGS = "$(inherited) -DXcode";
				PRODUCT_NAME = "$(TARGET_NAME)";
				SDKROOT = macosx;
				SUPPORTED_PLATFORMS = "$(AVAILABLE_PLATFORMS)";
				SUPPORTS_MACCATALYST = YES;
				SWIFT_ACTIVE_COMPILATION_CONDITIONS = "$(inherited) SWIFT_PACKAGE";
				SWIFT_OPTIMIZATION_LEVEL = "-Owholemodule";
				USE_HEADERMAP = NO;
			};
			name = Release;
		};
		OBJ_53 /* Debug */ = {
			isa = XCBuildConfiguration;
			buildSettings = {
				LD = /usr/bin/true;
				OTHER_SWIFT_FLAGS = "-swift-version 5 -I $(TOOLCHAIN_DIR)/usr/lib/swift/pm/ManifestAPI -sdk /Applications/Xcode.app/Contents/Developer/Platforms/MacOSX.platform/Developer/SDKs/MacOSX13.1.sdk -package-description-version 5.7.0";
				PRODUCT_NAME = TorchNetworkPackageDescription;
				SWIFT_VERSION = 5.0;
			};
			name = Debug;
		};
		OBJ_54 /* Release */ = {
			isa = XCBuildConfiguration;
			buildSettings = {
				LD = /usr/bin/true;
				OTHER_SWIFT_FLAGS = "-swift-version 5 -I $(TOOLCHAIN_DIR)/usr/lib/swift/pm/ManifestAPI -sdk /Applications/Xcode.app/Contents/Developer/Platforms/MacOSX.platform/Developer/SDKs/MacOSX13.1.sdk -package-description-version 5.7.0";
				PRODUCT_NAME = TorchNetworkPackageDescription;
				SWIFT_VERSION = 5.0;
			};
			name = Release;
		};
		OBJ_59 /* Debug */ = {
			isa = XCBuildConfiguration;
			buildSettings = {
				PRODUCT_NAME = TorchNetworkPackageTests;
			};
			name = Debug;
		};
		OBJ_60 /* Release */ = {
			isa = XCBuildConfiguration;
			buildSettings = {
				PRODUCT_NAME = TorchNetworkPackageTests;
			};
			name = Release;
		};
		OBJ_64 /* Debug */ = {
			isa = XCBuildConfiguration;
			buildSettings = {
				ALWAYS_EMBED_SWIFT_STANDARD_LIBRARIES = YES;
				CLANG_ENABLE_MODULES = YES;
				CURRENT_PROJECT_VERSION = 1;
				DRIVERKIT_DEPLOYMENT_TARGET = 19.0;
				EMBEDDED_CONTENT_CONTAINS_SWIFT = YES;
				FRAMEWORK_SEARCH_PATHS = (
					"$(inherited)",
					"$(PLATFORM_DIR)/Developer/Library/Frameworks",
				);
				HEADER_SEARCH_PATHS = "$(inherited)";
				INFOPLIST_FILE = TorchNetwork.xcodeproj/TorchNetworkTests_Info.plist;
				IPHONEOS_DEPLOYMENT_TARGET = 15.0;
				LD_RUNPATH_SEARCH_PATHS = "$(inherited) @loader_path/../Frameworks @loader_path/Frameworks";
				MACOSX_DEPLOYMENT_TARGET = 11.0;
				OTHER_CFLAGS = "$(inherited)";
				OTHER_LDFLAGS = "$(inherited)";
				OTHER_SWIFT_FLAGS = "$(inherited)";
				PRODUCT_NAME = TorchNetworkTests;
				SWIFT_ACTIVE_COMPILATION_CONDITIONS = "$(inherited)";
				SWIFT_VERSION = 5.0;
				TARGET_NAME = TorchNetworkTests;
				TVOS_DEPLOYMENT_TARGET = 14.0;
				WATCHOS_DEPLOYMENT_TARGET = 7.0;
			};
			name = Debug;
		};
		OBJ_65 /* Release */ = {
			isa = XCBuildConfiguration;
			buildSettings = {
				ALWAYS_EMBED_SWIFT_STANDARD_LIBRARIES = YES;
				CLANG_ENABLE_MODULES = YES;
				CURRENT_PROJECT_VERSION = 1;
				DRIVERKIT_DEPLOYMENT_TARGET = 19.0;
				EMBEDDED_CONTENT_CONTAINS_SWIFT = YES;
				FRAMEWORK_SEARCH_PATHS = (
					"$(inherited)",
					"$(PLATFORM_DIR)/Developer/Library/Frameworks",
				);
				HEADER_SEARCH_PATHS = "$(inherited)";
				INFOPLIST_FILE = TorchNetwork.xcodeproj/TorchNetworkTests_Info.plist;
				IPHONEOS_DEPLOYMENT_TARGET = 15.0;
				LD_RUNPATH_SEARCH_PATHS = "$(inherited) @loader_path/../Frameworks @loader_path/Frameworks";
				MACOSX_DEPLOYMENT_TARGET = 11.0;
				OTHER_CFLAGS = "$(inherited)";
				OTHER_LDFLAGS = "$(inherited)";
				OTHER_SWIFT_FLAGS = "$(inherited)";
				PRODUCT_NAME = TorchNetworkTests;
				SWIFT_ACTIVE_COMPILATION_CONDITIONS = "$(inherited)";
				SWIFT_VERSION = 5.0;
				TARGET_NAME = TorchNetworkTests;
				TVOS_DEPLOYMENT_TARGET = 14.0;
				WATCHOS_DEPLOYMENT_TARGET = 7.0;
			};
			name = Release;
		};
/* End XCBuildConfiguration section */

/* Begin XCConfigurationList section */
		OBJ_2 /* Build configuration list for PBXProject "TorchNetwork" */ = {
			isa = XCConfigurationList;
			buildConfigurations = (
				OBJ_3 /* Debug */,
				OBJ_4 /* Release */,
			);
			defaultConfigurationIsVisible = 0;
			defaultConfigurationName = Release;
		};
		OBJ_37 /* Build configuration list for PBXNativeTarget "TorchNetwork" */ = {
			isa = XCConfigurationList;
			buildConfigurations = (
				OBJ_38 /* Debug */,
				OBJ_39 /* Release */,
			);
			defaultConfigurationIsVisible = 0;
			defaultConfigurationName = Release;
		};
		OBJ_52 /* Build configuration list for PBXNativeTarget "TorchNetworkPackageDescription" */ = {
			isa = XCConfigurationList;
			buildConfigurations = (
				OBJ_53 /* Debug */,
				OBJ_54 /* Release */,
			);
			defaultConfigurationIsVisible = 0;
			defaultConfigurationName = Release;
		};
		OBJ_58 /* Build configuration list for PBXAggregateTarget "TorchNetworkPackageTests" */ = {
			isa = XCConfigurationList;
			buildConfigurations = (
				OBJ_59 /* Debug */,
				OBJ_60 /* Release */,
			);
			defaultConfigurationIsVisible = 0;
			defaultConfigurationName = Release;
		};
		OBJ_63 /* Build configuration list for PBXNativeTarget "TorchNetworkTests" */ = {
			isa = XCConfigurationList;
			buildConfigurations = (
				OBJ_64 /* Debug */,
				OBJ_65 /* Release */,
			);
			defaultConfigurationIsVisible = 0;
			defaultConfigurationName = Release;
		};
/* End XCConfigurationList section */
	};
	rootObject = OBJ_1 /* Project object */;
}
